{
    "_readme": [
        "This file locks the dependencies of your project to a known state",
        "Read more about it at https://getcomposer.org/doc/01-basic-usage.md#installing-dependencies",
        "This file is @generated automatically"
    ],
    "content-hash": "1a5044e3a818a9ffd5146cdb52c321ba",
    "packages": [
        {
            "name": "cypresslab/php-curry",
            "version": "0.5.0",
            "source": {
                "type": "git",
                "url": "https://github.com/matteosister/php-curry.git",
                "reference": "cf1a856b4bfcf6ba671296f1d1216323f366177e"
            },
            "dist": {
                "type": "zip",
                "url": "https://api.github.com/repos/matteosister/php-curry/zipball/cf1a856b4bfcf6ba671296f1d1216323f366177e",
                "reference": "cf1a856b4bfcf6ba671296f1d1216323f366177e",
                "shasum": ""
            },
            "require": {
                "php": ">=5.3.2"
            },
            "require-dev": {
                "phpunit/phpunit": "~6.0"
            },
            "type": "library",
            "extra": {
                "branch-alias": {
                    "dev-master": "1.0-dev"
                }
            },
            "autoload": {
                "files": [
                    "src/Cypress/Curry/functions.php"
                ],
                "psr-0": {
                    "Cypress\\Curry": "src"
                }
            },
            "notification-url": "https://packagist.org/downloads/",
            "license": [
                "MIT"
            ],
            "description": "Curried functions in PHP",
            "keywords": [
                "curry",
                "functional-programming"
            ],
            "support": {
                "issues": "https://github.com/matteosister/php-curry/issues",
                "source": "https://github.com/matteosister/php-curry/tree/0.5.0"
            },
            "time": "2017-03-10T17:05:37+00:00"
        },
        {
            "name": "parsica-php/parsica",
            "version": "0.8.1",
            "source": {
                "type": "git",
                "url": "https://github.com/parsica-php/parsica.git",
                "reference": "1f1ec12f0bd1fe09bab1933fe6d9566d8b6c40b8"
            },
            "dist": {
                "type": "zip",
                "url": "https://api.github.com/repos/parsica-php/parsica/zipball/1f1ec12f0bd1fe09bab1933fe6d9566d8b6c40b8",
                "reference": "1f1ec12f0bd1fe09bab1933fe6d9566d8b6c40b8",
                "shasum": ""
            },
            "require": {
                "cypresslab/php-curry": "^0.5.0",
                "ext-mbstring": "*",
                "php": "^7.4 || ^8.0"
            },
            "require-dev": {
                "ext-json": "*",
                "mathiasverraes/uptodocs": "dev-main",
                "phpbench/phpbench": "dev-master",
                "phpunit/phpunit": "^9.0",
                "psr/event-dispatcher": "^1.0",
                "vimeo/psalm": "^4.1"
            },
            "type": "library",
            "autoload": {
                "files": [
                    "src/characters.php",
                    "src/combinators.php",
                    "src/numeric.php",
                    "src/predicates.php",
                    "src/primitives.php",
                    "src/recursion.php",
                    "src/sideEffects.php",
                    "src/space.php",
                    "src/strings.php",
                    "src/Expression/expression.php",
                    "src/Internal/FP.php"
                ],
                "psr-4": {
                    "Parsica\\Parsica\\": "src/"
                }
            },
            "notification-url": "https://packagist.org/downloads/",
            "license": [
                "MIT"
            ],
            "authors": [
                {
                    "name": "Mathias Verraes",
                    "email": "mathias@verraes.net",
                    "homepage": "https://verraes.net"
                },
                {
                    "name": "Toon Daelman",
                    "email": "spinnewebber_toon@hotmail.com",
                    "homepage": "https://github.com/turanct"
                }
            ],
            "description": "The easiest way to build robust parsers in PHP.",
            "homepage": "https://parsica-php.github.io/",
            "keywords": [
                "parser",
                "parser combinator",
                "parser-combinator",
                "parsing"
            ],
            "support": {
                "issues": "https://github.com/parsica-php/parsica/issues",
                "source": "https://github.com/parsica-php/parsica/tree/0.8.1"
            },
            "funding": [
                {
                    "url": "https://github.com/turanct",
                    "type": "github"
                }
            ],
            "time": "2021-04-10T12:58:34+00:00"
        },
        {
            "name": "sergeytsalkov/meekrodb",
            "version": "v2.4",
            "source": {
                "type": "git",
                "url": "https://github.com/SergeyTsalkov/meekrodb.git",
                "reference": "e30c240d54bc81f58c58507a9ed768032eb494a5"
            },
            "dist": {
                "type": "zip",
                "url": "https://api.github.com/repos/SergeyTsalkov/meekrodb/zipball/e30c240d54bc81f58c58507a9ed768032eb494a5",
                "reference": "e30c240d54bc81f58c58507a9ed768032eb494a5",
                "shasum": ""
            },
            "require": {
                "php": ">=5.3.0"
            },
            "type": "library",
            "autoload": {
                "classmap": [
                    "db.class.php"
                ]
            },
            "notification-url": "https://packagist.org/downloads/",
            "license": [
                "LGPL-3.0"
            ],
            "authors": [
                {
                    "name": "Sergey Tsalkov",
                    "email": "stsalkov@gmail.com"
                }
            ],
            "description": "The Simple PHP/MySQL Library",
            "homepage": "http://www.meekro.com",
            "keywords": [
                "database",
                "mysql",
                "mysqli",
                "pdo"
            ],
            "support": {
                "email": "support@meekro.com",
                "issues": "https://github.com/SergeyTsalkov/meekrodb/issues",
                "source": "https://github.com/SergeyTsalkov/meekrodb/tree/v2.4"
            },
            "time": "2021-06-29T04:31:23+00:00"
        },
        {
            "name": "vkcom/vk-php-sdk",
            "version": "5.101.0",
            "source": {
                "type": "git",
                "url": "https://github.com/VKCOM/vk-php-sdk.git",
                "reference": "46a8f76503050c0c6730359fc234a4d6448b8653"
            },
            "dist": {
                "type": "zip",
                "url": "https://api.github.com/repos/VKCOM/vk-php-sdk/zipball/46a8f76503050c0c6730359fc234a4d6448b8653",
                "reference": "46a8f76503050c0c6730359fc234a4d6448b8653",
                "shasum": ""
            },
            "require": {
                "php": ">=7.1"
            },
            "require-dev": {
                "phpunit/phpunit": "^6",
                "vkcom/vk-api-schema": "^5.80.1"
            },
            "type": "library",
            "autoload": {
                "psr-4": {
                    "VK\\": "src/VK"
                }
            },
            "notification-url": "https://packagist.org/downloads/",
            "license": [
                "MIT"
            ],
            "description": "VK PHP SDK",
            "homepage": "https://github.com/VKCOM/vk-php-sdk",
            "keywords": [
                "sdk",
                "vk"
            ],
            "support": {
                "issues": "https://github.com/VKCOM/vk-php-sdk/issues",
                "source": "https://github.com/VKCOM/vk-php-sdk/tree/5.101.0"
            },
            "time": "2019-08-16T12:13:20+00:00"
        }
    ],
    "packages-dev": [],
    "aliases": [],
    "minimum-stability": "stable",
    "stability-flags": [],
    "prefer-stable": false,
    "prefer-lowest": false,
    "platform": [],
    "platform-dev": [],
    "plugin-api-version": "2.3.0"
}
